
Microsoft Visual Studio Solution File, Format Version 9.00
# Visual Studio 2005
Project("{FAE04EC0-301F-11D3-BF4B-00C04F79EFBC}") = "DangKyLopICC2", "DangKyLopICC2.csproj", "{0E0AB13B-A978-4B2A-B2D9-DA7E2A397A5A}"
EndProject
Project("{FAE04EC0-301F-11D3-BF4B-00C04F79EFBC}") = "CDT", "..\CDTDebug\CDT.csproj", "{A48C0424-B640-40F9-9F72-9D96667B6160}"
EndProject
Project("{FAE04EC0-301F-11D3-BF4B-00C04F79EFBC}") = "DangKyLopICC", "..\DangKyLopICC\DangKyLopICC.csproj", "{BC9D739B-9CE5-4D6A-89FF-D2AB10F9D036}"
EndProject
Global
	GlobalSection(SolutionConfigurationPlatforms) = preSolution
		Debug|Any CPU = Debug|Any CPU
		Release|Any CPU = Release|Any CPU
	EndGlobalSection
	GlobalSection(ProjectConfigurationPlatforms) = postSolution
		{0E0AB13B-A978-4B2A-B2D9-DA7E2A397A5A}.Debug|Any CPU.ActiveCfg = Debug|Any CPU
		{0E0AB13B-A978-4B2A-B2D9-DA7E2A397A5A}.Debug|Any CPU.Build.0 = Debug|Any CPU
		{0E0AB13B-A978-4B2A-B2D9-DA7E2A397A5A}.Release|Any CPU.ActiveCfg = Release|Any CPU
		{0E0AB13B-A978-4B2A-B2D9-DA7E2A397A5A}.Release|Any CPU.Build.0 = Release|Any CPU
		{A48C0424-B640-40F9-9F72-9D96667B6160}.Debug|Any CPU.ActiveCfg = Debug|Any CPU
		{A48C0424-B640-40F9-9F72-9D96667B6160}.Debug|Any CPU.Build.0 = Debug|Any CPU
		{A48C0424-B640-40F9-9F72-9D96667B6160}.Release|Any CPU.ActiveCfg = Release|Any CPU
		{A48C0424-B640-40F9-9F72-9D96667B6160}.Release|Any CPU.Build.0 = Release|Any CPU
		{BC9D739B-9CE5-4D6A-89FF-D2AB10F9D036}.Debug|Any CPU.ActiveCfg = Debug|Any CPU
		{BC9D739B-9CE5-4D6A-89FF-D2AB10F9D036}.Debug|Any CPU.Build.0 = Debug|Any CPU
		{BC9D739B-9CE5-4D6A-89FF-D2AB10F9D036}.Release|Any CPU.ActiveCfg = Release|Any CPU
		{BC9D739B-9CE5-4D6A-89FF-D2AB10F9D036}.Release|Any CPU.Build.0 = Release|Any CPU
	EndGlobalSection
	GlobalSection(SolutionProperties) = preSolution
		HideSolutionNode = FALSE
	EndGlobalSection
EndGlobal
